
Microsoft Visual Studio Solution File, Format Version 12.00
# Visual Studio Version 17
VisualStudioVersion = 17.0.32126.317
MinimumVisualStudioVersion = 10.0.40219.1
Project("{FAE04EC0-301F-11D3-BF4B-00C04F79EFBC}") = "DeckOfCards", "DeckOfCards.csproj", "{C5BCFB1E-737B-4454-8DC4-14947616D1D8}"
EndProject
Global
	GlobalSection(SolutionConfigurationPlatforms) = preSolution
		Debug|Any CPU = Debug|Any CPU
		Release|Any CPU = Release|Any CPU
	EndGlobalSection
	GlobalSection(ProjectConfigurationPlatforms) = postSolution
		{C5BCFB1E-737B-4454-8DC4-14947616D1D8}.Debug|Any CPU.ActiveCfg = Debug|Any CPU
		{C5BCFB1E-737B-4454-8DC4-14947616D1D8}.Debug|Any CPU.Build.0 = Debug|Any CPU
		{C5BCFB1E-737B-4454-8DC4-14947616D1D8}.Release|Any CPU.ActiveCfg = Release|Any CPU
		{C5BCFB1E-737B-4454-8DC4-14947616D1D8}.Release|Any CPU.Build.0 = Release|Any CPU
	EndGlobalSection
	GlobalSection(SolutionProperties) = preSolution
		HideSolutionNode = FALSE
	EndGlobalSection
	GlobalSection(ExtensibilityGlobals) = postSolution
		SolutionGuid = {BE694296-86CA-4D5B-BDE9-BF821614B7CB}
	EndGlobalSection
EndGlobal
